// !$*UTF8*$!
{
	archiveVersion = 1;
	classes = {
	};
	objectVersion = 46;
	objects = {

/* Begin PBXBuildFile section */
		7BA555FA18ED087600E45020 /* main.cpp in Sources */ = {isa = PBXBuildFile; fileRef = 7BA555F918ED087600E45020 /* main.cpp */; };
		7BA555FC18ED087600E45020 /* LocalLibrary.cpp in Sources */ = {isa = PBXBuildFile; fileRef = 7BA555FB18ED087600E45020 /* LocalLibrary.cpp */; };
		7BA555FF18ED087600E45020 /* Makefile in Sources */ = {isa = PBXBuildFile; fileRef = 7BA555FE18ED087600E45020 /* Makefile */; };
/* End PBXBuildFile section */

/* Begin PBXFileReference section */
		7BA555F618ED087600E45020 /* Index */ = {isa = PBXFileReference; explicitFileType = "compiled.mach-o.executable"; includeInIndex = 0; path = Index; sourceTree = BUILT_PRODUCTS_DIR; };
		7BA555F918ED087600E45020 /* main.cpp */ = {isa = PBXFileReference; lastKnownFileType = sourcecode.cpp.cpp; path = main.cpp; sourceTree = "<group>"; };
		7BA555FB18ED087600E45020 /* LocalLibrary.cpp */ = {isa = PBXFileReference; lastKnownFileType = sourcecode.cpp.cpp; path = LocalLibrary.cpp; sourceTree = "<group>"; };
		7BA555FD18ED087600E45020 /* LocalLibrary.h */ = {isa = PBXFileReference; lastKnownFileType = sourcecode.c.h; path = LocalLibrary.h; sourceTree = "<group>"; };
		7BA555FE18ED087600E45020 /* Makefile */ = {isa = PBXFileReference; lastKnownFileType = sourcecode.make; path = Makefile; sourceTree = "<group>"; };
		7BA5560118ED087600E45020 /* Sketchbook.txt */ = {isa = PBXFileReference; lastKnownFileType = text; name = Sketchbook.txt; path = Sketchbook/Sketchbook.txt; sourceTree = "<group>"; };
		7BA5560318ED087600E45020 /* Arduino Due.xcconfig */ = {isa = PBXFileReference; lastKnownFileType = text.xcconfig; name = "Arduino Due.xcconfig"; path = "Configurations/Arduino Due.xcconfig"; sourceTree = "<group>"; };
		7BA5560418ED087600E45020 /* Arduino Duemilanove.xcconfig */ = {isa = PBXFileReference; lastKnownFileType = text.xcconfig; name = "Arduino Duemilanove.xcconfig"; path = "Configurations/Arduino Duemilanove.xcconfig"; sourceTree = "<group>"; };
		7BA5560518ED087600E45020 /* Arduino Leonardo.xcconfig */ = {isa = PBXFileReference; lastKnownFileType = text.xcconfig; name = "Arduino Leonardo.xcconfig"; path = "Configurations/Arduino Leonardo.xcconfig"; sourceTree = "<group>"; };
		7BA5560618ED087600E45020 /* Arduino Mega 2560.xcconfig */ = {isa = PBXFileReference; lastKnownFileType = text.xcconfig; name = "Arduino Mega 2560.xcconfig"; path = "Configurations/Arduino Mega 2560.xcconfig"; sourceTree = "<group>"; };
		7BA5560718ED087600E45020 /* Arduino Mini with ATmega328-3.3V.xcconfig */ = {isa = PBXFileReference; lastKnownFileType = text.xcconfig; name = "Arduino Mini with ATmega328-3.3V.xcconfig"; path = "Configurations/Arduino Mini with ATmega328-3.3V.xcconfig"; sourceTree = "<group>"; };
		7BA5560818ED087600E45020 /* Arduino Mini with ATmega328-5V.xcconfig */ = {isa = PBXFileReference; lastKnownFileType = text.xcconfig; name = "Arduino Mini with ATmega328-5V.xcconfig"; path = "Configurations/Arduino Mini with ATmega328-5V.xcconfig"; sourceTree = "<group>"; };
		7BA5560918ED087600E45020 /* Arduino Robot Control.xcconfig */ = {isa = PBXFileReference; lastKnownFileType = text.xcconfig; name = "Arduino Robot Control.xcconfig"; path = "Configurations/Arduino Robot Control.xcconfig"; sourceTree = "<group>"; };
		7BA5560A18ED087600E45020 /* Arduino Robot Motor.xcconfig */ = {isa = PBXFileReference; lastKnownFileType = text.xcconfig; name = "Arduino Robot Motor.xcconfig"; path = "Configurations/Arduino Robot Motor.xcconfig"; sourceTree = "<group>"; };
		7BA5560B18ED087600E45020 /* Arduino Uno.xcconfig */ = {isa = PBXFileReference; lastKnownFileType = text.xcconfig; name = "Arduino Uno.xcconfig"; path = "Configurations/Arduino Uno.xcconfig"; sourceTree = "<group>"; };
		7BA5560C18ED087600E45020 /* Arduino Yun.xcconfig */ = {isa = PBXFileReference; lastKnownFileType = text.xcconfig; name = "Arduino Yun.xcconfig"; path = "Configurations/Arduino Yun.xcconfig"; sourceTree = "<group>"; };
		7BA5560D18ED087600E45020 /* chipKIT Uno32.xcconfig */ = {isa = PBXFileReference; lastKnownFileType = text.xcconfig; name = "chipKIT Uno32.xcconfig"; path = "Configurations/chipKIT Uno32.xcconfig"; sourceTree = "<group>"; };
		7BA5560E18ED087600E45020 /* chipKIT Max32.xcconfig */ = {isa = PBXFileReference; lastKnownFileType = text.xcconfig; name = "chipKIT Max32.xcconfig"; path = "Configurations/chipKIT Max32.xcconfig"; sourceTree = "<group>"; };
		7BA5560F18ED087600E45020 /* chipKIT uC32.xcconfig */ = {isa = PBXFileReference; lastKnownFileType = text.xcconfig; name = "chipKIT uC32.xcconfig"; path = "Configurations/chipKIT uC32.xcconfig"; sourceTree = "<group>"; };
		7BA5561018ED087600E45020 /* DFRobot BLuno.xcconfig */ = {isa = PBXFileReference; lastKnownFileType = text.xcconfig; name = "DFRobot BLuno.xcconfig"; path = "Configurations/DFRobot BLuno.xcconfig"; sourceTree = "<group>"; };
		7BA5561118ED087600E45020 /* Digispark Tiny Core.xcconfig */ = {isa = PBXFileReference; lastKnownFileType = text.xcconfig; name = "Digispark Tiny Core.xcconfig"; path = "Configurations/Digispark Tiny Core.xcconfig"; sourceTree = "<group>"; };
		7BA5561218ED087600E45020 /* Experimeter Board with MSP430FR5739.xcconfig */ = {isa = PBXFileReference; lastKnownFileType = text.xcconfig; name = "Experimeter Board with MSP430FR5739.xcconfig"; path = "Configurations/Experimeter Board with MSP430FR5739.xcconfig"; sourceTree = "<group>"; };
		7BA5561318ED087600E45020 /* LaunchPad Stellaris with LM4F120.xcconfig */ = {isa = PBXFileReference; lastKnownFileType = text.xcconfig; name = "LaunchPad Stellaris with LM4F120.xcconfig"; path = "Configurations/LaunchPad Stellaris with LM4F120.xcconfig"; sourceTree = "<group>"; };
		7BA5561418ED087600E45020 /* LaunchPad Tiva C with TM4C123.xcconfig */ = {isa = PBXFileReference; lastKnownFileType = text.xcconfig; name = "LaunchPad Tiva C with TM4C123.xcconfig"; path = "Configurations/LaunchPad Tiva C with TM4C123.xcconfig"; sourceTree = "<group>"; };
		7BA5561518ED087600E45020 /* LaunchPad with MSP430G2553.xcconfig */ = {isa = PBXFileReference; lastKnownFileType = text.xcconfig; name = "LaunchPad with MSP430G2553.xcconfig"; path = "Configurations/LaunchPad with MSP430G2553.xcconfig"; sourceTree = "<group>"; };
		7BA5561618ED087600E45020 /* LaunchPad with MSP430G2231.xcconfig */ = {isa = PBXFileReference; lastKnownFileType = text.xcconfig; name = "LaunchPad with MSP430G2231.xcconfig"; path = "Configurations/LaunchPad with MSP430G2231.xcconfig"; sourceTree = "<group>"; };
		7BA5561718ED087600E45020 /* LaunchPad with MSP430G2452.xcconfig */ = {isa = PBXFileReference; lastKnownFileType = text.xcconfig; name = "LaunchPad with MSP430G2452.xcconfig"; path = "Configurations/LaunchPad with MSP430G2452.xcconfig"; sourceTree = "<group>"; };
		7BA5561818ED087600E45020 /* LaunchPad with MSP430F5529.xcconfig */ = {isa = PBXFileReference; lastKnownFileType = text.xcconfig; name = "LaunchPad with MSP430F5529.xcconfig"; path = "Configurations/LaunchPad with MSP430F5529.xcconfig"; sourceTree = "<group>"; };
		7BA5561918ED087600E45020 /* Maple Flash revision 3+.xcconfig */ = {isa = PBXFileReference; lastKnownFileType = text.xcconfig; name = "Maple Flash revision 3+.xcconfig"; path = "Configurations/Maple Flash revision 3+.xcconfig"; sourceTree = "<group>"; };
		7BA5561A18ED087600E45020 /* Microduino Core with ATmega328-5V.xcconfig */ = {isa = PBXFileReference; lastKnownFileType = text.xcconfig; name = "Microduino Core with ATmega328-5V.xcconfig"; path = "Configurations/Microduino Core with ATmega328-5V.xcconfig"; sourceTree = "<group>"; };
		7BA5561B18ED087600E45020 /* Microduino Core+ with ATmega644-5V.xcconfig */ = {isa = PBXFileReference; lastKnownFileType = text.xcconfig; name = "Microduino Core+ with ATmega644-5V.xcconfig"; path = "Configurations/Microduino Core+ with ATmega644-5V.xcconfig"; sourceTree = "<group>"; };
		7BA5561C18ED087600E45020 /* Sparkfun Uno.xcconfig */ = {isa = PBXFileReference; lastKnownFileType = text.xcconfig; name = "Sparkfun Uno.xcconfig"; path = "Configurations/Sparkfun Uno.xcconfig"; sourceTree = "<group>"; };
		7BA5561D18ED087600E45020 /* Teensy 2.0.xcconfig */ = {isa = PBXFileReference; lastKnownFileType = text.xcconfig; name = "Teensy 2.0.xcconfig"; path = "Configurations/Teensy 2.0.xcconfig"; sourceTree = "<group>"; };
		7BA5561E18ED087600E45020 /* Teensy 3.0.xcconfig */ = {isa = PBXFileReference; lastKnownFileType = text.xcconfig; name = "Teensy 3.0.xcconfig"; path = "Configurations/Teensy 3.0.xcconfig"; sourceTree = "<group>"; };
		7BA5561F18ED087600E45020 /* Teensy 3.1.xcconfig */ = {isa = PBXFileReference; lastKnownFileType = text.xcconfig; name = "Teensy 3.1.xcconfig"; path = "Configurations/Teensy 3.1.xcconfig"; sourceTree = "<group>"; };
		7BA5562018ED087600E45020 /* Wiring S.xcconfig */ = {isa = PBXFileReference; lastKnownFileType = text.xcconfig; name = "Wiring S.xcconfig"; path = "Configurations/Wiring S.xcconfig"; sourceTree = "<group>"; };
		7BA5562218ED087600E45020 /* Arduino.mk */ = {isa = PBXFileReference; lastKnownFileType = text; name = Arduino.mk; path = Makefiles/Arduino.mk; sourceTree = "<group>"; };
		7BA5562318ED087600E45020 /* Arduino1.mk */ = {isa = PBXFileReference; lastKnownFileType = text; name = Arduino1.mk; path = Makefiles/Arduino1.mk; sourceTree = "<group>"; };
		7BA5562418ED087600E45020 /* Arduino15avr.mk */ = {isa = PBXFileReference; lastKnownFileType = text; name = Arduino15avr.mk; path = Makefiles/Arduino15avr.mk; sourceTree = "<group>"; };
		7BA5562518ED087600E45020 /* Arduino15sam.mk */ = {isa = PBXFileReference; lastKnownFileType = text; name = Arduino15sam.mk; path = Makefiles/Arduino15sam.mk; sourceTree = "<group>"; };
		7BA5562618ED087600E45020 /* Arduino23.mk */ = {isa = PBXFileReference; lastKnownFileType = text; name = Arduino23.mk; path = Makefiles/Arduino23.mk; sourceTree = "<group>"; };
		7BA5562718ED087600E45020 /* Digispark.mk */ = {isa = PBXFileReference; lastKnownFileType = text; name = Digispark.mk; path = Makefiles/Digispark.mk; sourceTree = "<group>"; };
		7BA5562818ED087600E45020 /* Energia430.mk */ = {isa = PBXFileReference; lastKnownFileType = text; name = Energia430.mk; path = Makefiles/Energia430.mk; sourceTree = "<group>"; };
		7BA5562918ED087600E45020 /* EnergiaLM4F.mk */ = {isa = PBXFileReference; lastKnownFileType = text; name = EnergiaLM4F.mk; path = Makefiles/EnergiaLM4F.mk; sourceTree = "<group>"; };
		7BA5562A18ED087600E45020 /* MapleIDE.mk */ = {isa = PBXFileReference; lastKnownFileType = text; name = MapleIDE.mk; path = Makefiles/MapleIDE.mk; sourceTree = "<group>"; };
		7BA5562B18ED087600E45020 /* Microduino.mk */ = {isa = PBXFileReference; lastKnownFileType = text; name = Microduino.mk; path = Makefiles/Microduino.mk; sourceTree = "<group>"; };
		7BA5562C18ED087600E45020 /* Mpide.mk */ = {isa = PBXFileReference; lastKnownFileType = text; name = Mpide.mk; path = Makefiles/Mpide.mk; sourceTree = "<group>"; };
		7BA5562D18ED087600E45020 /* Wiring.mk */ = {isa = PBXFileReference; lastKnownFileType = text; name = Wiring.mk; path = Makefiles/Wiring.mk; sourceTree = "<group>"; };
		7BA5562E18ED087600E45020 /* Step1.mk */ = {isa = PBXFileReference; lastKnownFileType = text; name = Step1.mk; path = Makefiles/Step1.mk; sourceTree = "<group>"; };
		7BA5562F18ED087600E45020 /* Step2.mk */ = {isa = PBXFileReference; lastKnownFileType = text; name = Step2.mk; path = Makefiles/Step2.mk; sourceTree = "<group>"; };
		7BA5563018ED087600E45020 /* Teensy.mk */ = {isa = PBXFileReference; lastKnownFileType = text; name = Teensy.mk; path = Makefiles/Teensy.mk; sourceTree = "<group>"; };
		7BA5563118ED087600E45020 /* Teensy2.mk */ = {isa = PBXFileReference; lastKnownFileType = text; name = Teensy2.mk; path = Makefiles/Teensy2.mk; sourceTree = "<group>"; };
		7BA5563218ED087600E45020 /* Teensy3.mk */ = {isa = PBXFileReference; lastKnownFileType = text; name = Teensy3.mk; path = Makefiles/Teensy3.mk; sourceTree = "<group>"; };
		7BA5563318ED087600E45020 /* Avrdude.mk */ = {isa = PBXFileReference; lastKnownFileType = text; name = Avrdude.mk; path = Makefiles/Avrdude.mk; sourceTree = "<group>"; };
		7BA5563418ED087600E45020 /* ReadMe.txt */ = {isa = PBXFileReference; lastKnownFileType = text; path = ReadMe.txt; sourceTree = "<group>"; };
		7BA5563618ED087600E45020 /* About.txt */ = {isa = PBXFileReference; lastKnownFileType = text; name = About.txt; path = About/About.txt; sourceTree = "<group>"; };
		7BA5563818ED087600E45020 /* reset.py */ = {isa = PBXFileReference; lastKnownFileType = text.script.python; name = reset.py; path = Utilities/reset.py; sourceTree = "<group>"; };
		7BA5563918ED087600E45020 /* serial1200.py */ = {isa = PBXFileReference; lastKnownFileType = text.script.python; name = serial1200.py; path = Utilities/serial1200.py; sourceTree = "<group>"; };
		7BA5563A18ED087600E45020 /* embedXcode_prepare */ = {isa = PBXFileReference; lastKnownFileType = "compiled.mach-o.executable"; name = embedXcode_prepare; path = Utilities/embedXcode_prepare; sourceTree = "<group>"; };
		7BA5563B18ED087600E45020 /* embedXcode_check */ = {isa = PBXFileReference; lastKnownFileType = "compiled.mach-o.executable"; name = embedXcode_check; path = Utilities/embedXcode_check; sourceTree = "<group>"; };
		7BA5563C18ED087600E45020 /* embedXcode_chrono */ = {isa = PBXFileReference; lastKnownFileType = "compiled.mach-o.executable"; name = embedXcode_chrono; path = Utilities/embedXcode_chrono; sourceTree = "<group>"; };
		7BA5563D18ED087600E45020 /* TemplateIcon.icns */ = {isa = PBXFileReference; lastKnownFileType = image.icns; name = TemplateIcon.icns; path = Utilities/TemplateIcon.icns; sourceTree = "<group>"; };
		7BA5563E18ED087600E45020 /* FastLED.ino */ = {isa = PBXFileReference; lastKnownFileType = text; path = FastLED.ino; sourceTree = "<group>"; };
/* End PBXFileReference section */

/* Begin PBXGroup section */
		7BA555EB18ED087600E45020 = {
			isa = PBXGroup;
			children = (
				7BA555F818ED087600E45020 /* FastLED */,
				7BA555F718ED087600E45020 /* Products */,
			);
			sourceTree = "<group>";
		};
		7BA555F718ED087600E45020 /* Products */ = {
			isa = PBXGroup;
			children = (
				7BA555F618ED087600E45020 /* Index */,
			);
			name = Products;
			sourceTree = "<group>";
		};
		7BA555F818ED087600E45020 /* FastLED */ = {
			isa = PBXGroup;
			children = (
				7BA555F918ED087600E45020 /* main.cpp */,
				7BA555FB18ED087600E45020 /* LocalLibrary.cpp */,
				7BA555FD18ED087600E45020 /* LocalLibrary.h */,
				7BA555FE18ED087600E45020 /* Makefile */,
				7BA5563418ED087600E45020 /* ReadMe.txt */,
				7BA5563E18ED087600E45020 /* FastLED.ino */,
				7BA5560018ED087600E45020 /* Sketchbook */,
				7BA5560218ED087600E45020 /* Configurations */,
				7BA5562118ED087600E45020 /* Makefiles */,
				7BA5563518ED087600E45020 /* About */,
				7BA5563718ED087600E45020 /* Utilities */,
			);
			path = FastLED;
			sourceTree = "<group>";
		};
		7BA5560018ED087600E45020 /* Sketchbook */ = {
			isa = PBXGroup;
			children = (
				7BA5560118ED087600E45020 /* Sketchbook.txt */,
			);
			name = Sketchbook;
			sourceTree = "<group>";
		};
		7BA5560218ED087600E45020 /* Configurations */ = {
			isa = PBXGroup;
			children = (
				7BA5560318ED087600E45020 /* Arduino Due.xcconfig */,
				7BA5560418ED087600E45020 /* Arduino Duemilanove.xcconfig */,
				7BA5560518ED087600E45020 /* Arduino Leonardo.xcconfig */,
				7BA5560618ED087600E45020 /* Arduino Mega 2560.xcconfig */,
				7BA5560718ED087600E45020 /* Arduino Mini with ATmega328-3.3V.xcconfig */,
				7BA5560818ED087600E45020 /* Arduino Mini with ATmega328-5V.xcconfig */,
				7BA5560918ED087600E45020 /* Arduino Robot Control.xcconfig */,
				7BA5560A18ED087600E45020 /* Arduino Robot Motor.xcconfig */,
				7BA5560B18ED087600E45020 /* Arduino Uno.xcconfig */,
				7BA5560C18ED087600E45020 /* Arduino Yun.xcconfig */,
				7BA5560D18ED087600E45020 /* chipKIT Uno32.xcconfig */,
				7BA5560E18ED087600E45020 /* chipKIT Max32.xcconfig */,
				7BA5560F18ED087600E45020 /* chipKIT uC32.xcconfig */,
				7BA5561018ED087600E45020 /* DFRobot BLuno.xcconfig */,
				7BA5561118ED087600E45020 /* Digispark Tiny Core.xcconfig */,
				7BA5561218ED087600E45020 /* Experimeter Board with MSP430FR5739.xcconfig */,
				7BA5561318ED087600E45020 /* LaunchPad Stellaris with LM4F120.xcconfig */,
				7BA5561418ED087600E45020 /* LaunchPad Tiva C with TM4C123.xcconfig */,
				7BA5561518ED087600E45020 /* LaunchPad with MSP430G2553.xcconfig */,
				7BA5561618ED087600E45020 /* LaunchPad with MSP430G2231.xcconfig */,
				7BA5561718ED087600E45020 /* LaunchPad with MSP430G2452.xcconfig */,
				7BA5561818ED087600E45020 /* LaunchPad with MSP430F5529.xcconfig */,
				7BA5561918ED087600E45020 /* Maple Flash revision 3+.xcconfig */,
				7BA5561A18ED087600E45020 /* Microduino Core with ATmega328-5V.xcconfig */,
				7BA5561B18ED087600E45020 /* Microduino Core+ with ATmega644-5V.xcconfig */,
				7BA5561C18ED087600E45020 /* Sparkfun Uno.xcconfig */,
				7BA5561D18ED087600E45020 /* Teensy 2.0.xcconfig */,
				7BA5561E18ED087600E45020 /* Teensy 3.0.xcconfig */,
				7BA5561F18ED087600E45020 /* Teensy 3.1.xcconfig */,
				7BA5562018ED087600E45020 /* Wiring S.xcconfig */,
			);
			name = Configurations;
			sourceTree = "<group>";
		};
		7BA5562118ED087600E45020 /* Makefiles */ = {
			isa = PBXGroup;
			children = (
				7BA5562218ED087600E45020 /* Arduino.mk */,
				7BA5562318ED087600E45020 /* Arduino1.mk */,
				7BA5562418ED087600E45020 /* Arduino15avr.mk */,
				7BA5562518ED087600E45020 /* Arduino15sam.mk */,
				7BA5562618ED087600E45020 /* Arduino23.mk */,
				7BA5562718ED087600E45020 /* Digispark.mk */,
				7BA5562818ED087600E45020 /* Energia430.mk */,
				7BA5562918ED087600E45020 /* EnergiaLM4F.mk */,
				7BA5562A18ED087600E45020 /* MapleIDE.mk */,
				7BA5562B18ED087600E45020 /* Microduino.mk */,
				7BA5562C18ED087600E45020 /* Mpide.mk */,
				7BA5562D18ED087600E45020 /* Wiring.mk */,
				7BA5562E18ED087600E45020 /* Step1.mk */,
				7BA5562F18ED087600E45020 /* Step2.mk */,
				7BA5563018ED087600E45020 /* Teensy.mk */,
				7BA5563118ED087600E45020 /* Teensy2.mk */,
				7BA5563218ED087600E45020 /* Teensy3.mk */,
				7BA5563318ED087600E45020 /* Avrdude.mk */,
			);
			name = Makefiles;
			sourceTree = "<group>";
		};
		7BA5563518ED087600E45020 /* About */ = {
			isa = PBXGroup;
			children = (
				7BA5563618ED087600E45020 /* About.txt */,
			);
			name = About;
			sourceTree = "<group>";
		};
		7BA5563718ED087600E45020 /* Utilities */ = {
			isa = PBXGroup;
			children = (
				7BA5563818ED087600E45020 /* reset.py */,
				7BA5563918ED087600E45020 /* serial1200.py */,
				7BA5563A18ED087600E45020 /* embedXcode_prepare */,
				7BA5563B18ED087600E45020 /* embedXcode_check */,
				7BA5563C18ED087600E45020 /* embedXcode_chrono */,
				7BA5563D18ED087600E45020 /* TemplateIcon.icns */,
			);
			name = Utilities;
			sourceTree = "<group>";
		};
/* End PBXGroup section */

/* Begin PBXLegacyTarget section */
		7BA555F018ED087600E45020 /* All */ = {
			isa = PBXLegacyTarget;
			buildArgumentsString = "all -C \"$(PROJECT)\"";
			buildConfigurationList = 7BA5564118ED087600E45020 /* Build configuration list for PBXLegacyTarget "All" */;
			buildPhases = (
			);
			buildToolPath = make;
			dependencies = (
			);
			name = All;
			passBuildSettingsInEnvironment = 1;
			productName = All;
		};
		7BA555F118ED087600E45020 /* Build */ = {
			isa = PBXLegacyTarget;
			buildArgumentsString = "build -C \"$(PROJECT)\"";
			buildConfigurationList = 7BA5564418ED087600E45020 /* Build configuration list for PBXLegacyTarget "Build" */;
			buildPhases = (
			);
			buildToolPath = make;
			dependencies = (
			);
			name = Build;
			passBuildSettingsInEnvironment = 1;
			productName = Build;
		};
		7BA555F218ED087600E45020 /* Serial */ = {
			isa = PBXLegacyTarget;
			buildArgumentsString = "serial -C \"$(PROJECT)\"";
			buildConfigurationList = 7BA5564718ED087600E45020 /* Build configuration list for PBXLegacyTarget "Serial" */;
			buildPhases = (
			);
			buildToolPath = make;
			dependencies = (
			);
			name = Serial;
			passBuildSettingsInEnvironment = 1;
			productName = Serial;
		};
		7BA555F318ED087600E45020 /* Upload */ = {
			isa = PBXLegacyTarget;
			buildArgumentsString = "upload -C \"$(PROJECT)\"";
			buildConfigurationList = 7BA5564A18ED087600E45020 /* Build configuration list for PBXLegacyTarget "Upload" */;
			buildPhases = (
			);
			buildToolPath = make;
			dependencies = (
			);
			name = Upload;
			passBuildSettingsInEnvironment = 1;
			productName = Upload;
		};
/* End PBXLegacyTarget section */

/* Begin PBXNativeTarget section */
		7BA555F518ED087600E45020 /* Index */ = {
			isa = PBXNativeTarget;
			buildConfigurationList = 7BA5564D18ED087600E45020 /* Build configuration list for PBXNativeTarget "Index" */;
			buildPhases = (
				7BA555F418ED087600E45020 /* Sources */,
			);
			buildRules = (
			);
			dependencies = (
			);
			name = Index;
			productName = Index;
			productReference = 7BA555F618ED087600E45020 /* Index */;
			productType = "com.apple.product-type.tool";
		};
/* End PBXNativeTarget section */

/* Begin PBXProject section */
		7BA555EC18ED087600E45020 /* Project object */ = {
			isa = PBXProject;
			attributes = {
				LastUpgradeCheck = 0510;
				ORGANIZATIONNAME = "Daniel Garcia";
			};
			buildConfigurationList = 7BA555EF18ED087600E45020 /* Build configuration list for PBXProject "FastLED" */;
			compatibilityVersion = "Xcode 3.2";
			developmentRegion = English;
			hasScannedForEncodings = 0;
			knownRegions = (
				en,
			);
			mainGroup = 7BA555EB18ED087600E45020;
			productRefGroup = 7BA555F718ED087600E45020 /* Products */;
			projectDirPath = "";
			projectRoot = "";
			targets = (
				7BA555F018ED087600E45020 /* All */,
				7BA555F118ED087600E45020 /* Build */,
				7BA555F218ED087600E45020 /* Serial */,
				7BA555F318ED087600E45020 /* Upload */,
				7BA555F518ED087600E45020 /* Index */,
			);
		};
/* End PBXProject section */

/* Begin PBXSourcesBuildPhase section */
		7BA555F418ED087600E45020 /* Sources */ = {
			isa = PBXSourcesBuildPhase;
			buildActionMask = 2147483647;
			files = (
				7BA555FF18ED087600E45020 /* Makefile in Sources */,
				7BA555FA18ED087600E45020 /* main.cpp in Sources */,
				7BA555FC18ED087600E45020 /* LocalLibrary.cpp in Sources */,
			);
			runOnlyForDeploymentPostprocessing = 0;
		};
/* End PBXSourcesBuildPhase section */

/* Begin XCBuildConfiguration section */
		7BA5563F18ED087600E45020 /* Debug */ = {
			isa = XCBuildConfiguration;
			baseConfigurationReference = 7BA5560B18ED087600E45020 /* Arduino Uno.xcconfig */;
			buildSettings = {
				ALWAYS_SEARCH_USER_PATHS = NO;
				CLANG_CXX_LANGUAGE_STANDARD = "gnu++0x";
				CLANG_CXX_LIBRARY = "libc++";
				CLANG_ENABLE_MODULES = YES;
				CLANG_ENABLE_OBJC_ARC = YES;
				CLANG_WARN_BOOL_CONVERSION = YES;
				CLANG_WARN_CONSTANT_CONVERSION = YES;
				CLANG_WARN_DIRECT_OBJC_ISA_USAGE = YES_ERROR;
				CLANG_WARN_EMPTY_BODY = YES;
				CLANG_WARN_ENUM_CONVERSION = YES;
				CLANG_WARN_INT_CONVERSION = YES;
				CLANG_WARN_OBJC_ROOT_CLASS = YES_ERROR;
				CLANG_WARN__DUPLICATE_METHOD_MATCH = YES;
				COPY_PHASE_STRIP = NO;
				GCC_C_LANGUAGE_STANDARD = gnu99;
				GCC_DYNAMIC_NO_PIC = NO;
				GCC_OPTIMIZATION_LEVEL = 0;
				GCC_PREPROCESSOR_DEFINITIONS = (
					"DEBUG=1",
					"$(inherited)",
				);
				GCC_SYMBOLS_PRIVATE_EXTERN = NO;
				GCC_WARN_64_TO_32_BIT_CONVERSION = YES;
				GCC_WARN_ABOUT_RETURN_TYPE = YES_ERROR;
				GCC_WARN_UNDECLARED_SELECTOR = YES;
				GCC_WARN_UNINITIALIZED_AUTOS = YES_AGGRESSIVE;
				GCC_WARN_UNUSED_FUNCTION = YES;
				GCC_WARN_UNUSED_VARIABLE = YES;
				HEADER_SEARCH_PATHS = "$(inherited)";
				PATH = "$(PATH):$(PROJECT_DIR)";
				PRODUCT_NAME = "$(TARGET_NAME)";
				SKETCHBOOK_DIR = "";
				SKETCH_EXTENSION = ino;
			};
			name = Debug;
		};
		7BA5564018ED087600E45020 /* Release */ = {
			isa = XCBuildConfiguration;
			buildSettings = {
				ALWAYS_SEARCH_USER_PATHS = NO;
				CLANG_CXX_LANGUAGE_STANDARD = "gnu++0x";
				CLANG_CXX_LIBRARY = "libc++";
				CLANG_ENABLE_MODULES = YES;
				CLANG_ENABLE_OBJC_ARC = YES;
				CLANG_WARN_BOOL_CONVERSION = YES;
				CLANG_WARN_CONSTANT_CONVERSION = YES;
				CLANG_WARN_DIRECT_OBJC_ISA_USAGE = YES_ERROR;
				CLANG_WARN_EMPTY_BODY = YES;
				CLANG_WARN_ENUM_CONVERSION = YES;
				CLANG_WARN_INT_CONVERSION = YES;
				CLANG_WARN_OBJC_ROOT_CLASS = YES_ERROR;
				CLANG_WARN__DUPLICATE_METHOD_MATCH = YES;
				COPY_PHASE_STRIP = YES;
				ENABLE_NS_ASSERTIONS = NO;
				GCC_C_LANGUAGE_STANDARD = gnu99;
				GCC_WARN_64_TO_32_BIT_CONVERSION = YES;
				GCC_WARN_ABOUT_RETURN_TYPE = YES_ERROR;
				GCC_WARN_UNDECLARED_SELECTOR = YES;
				GCC_WARN_UNINITIALIZED_AUTOS = YES_AGGRESSIVE;
				GCC_WARN_UNUSED_FUNCTION = YES;
				GCC_WARN_UNUSED_VARIABLE = YES;
				HEADER_SEARCH_PATHS = "$(inherited)";
				PATH = "$(PATH):$(PROJECT_DIR)";
				PRODUCT_NAME = "$(TARGET_NAME)";
				SKETCHBOOK_DIR = "";
				SKETCH_EXTENSION = ino;
			};
			name = Release;
		};
		7BA5564218ED087600E45020 /* Debug */ = {
			isa = XCBuildConfiguration;
			buildSettings = {
				PRODUCT_NAME = "$(TARGET_NAME)";
			};
			name = Debug;
		};
		7BA5564318ED087600E45020 /* Release */ = {
			isa = XCBuildConfiguration;
			buildSettings = {
				PRODUCT_NAME = "$(TARGET_NAME)";
			};
			name = Release;
		};
		7BA5564518ED087600E45020 /* Debug */ = {
			isa = XCBuildConfiguration;
			buildSettings = {
			};
			name = Debug;
		};
		7BA5564618ED087600E45020 /* Release */ = {
			isa = XCBuildConfiguration;
			buildSettings = {
			};
			name = Release;
		};
		7BA5564818ED087600E45020 /* Debug */ = {
			isa = XCBuildConfiguration;
			buildSettings = {
			};
			name = Debug;
		};
		7BA5564918ED087600E45020 /* Release */ = {
			isa = XCBuildConfiguration;
			buildSettings = {
			};
			name = Release;
		};
		7BA5564B18ED087600E45020 /* Debug */ = {
			isa = XCBuildConfiguration;
			buildSettings = {
			};
			name = Debug;
		};
		7BA5564C18ED087600E45020 /* Release */ = {
			isa = XCBuildConfiguration;
			buildSettings = {
			};
			name = Release;
		};
		7BA5564E18ED087600E45020 /* Debug */ = {
			isa = XCBuildConfiguration;
			buildSettings = {
			};
			name = Debug;
		};
		7BA5564F18ED087600E45020 /* Release */ = {
			isa = XCBuildConfiguration;
			buildSettings = {
			};
			name = Release;
		};
/* End XCBuildConfiguration section */

/* Begin XCConfigurationList section */
		7BA555EF18ED087600E45020 /* Build configuration list for PBXProject "FastLED" */ = {
			isa = XCConfigurationList;
			buildConfigurations = (
				7BA5563F18ED087600E45020 /* Debug */,
				7BA5564018ED087600E45020 /* Release */,
			);
			defaultConfigurationIsVisible = 0;
			defaultConfigurationName = Release;
		};
		7BA5564118ED087600E45020 /* Build configuration list for PBXLegacyTarget "All" */ = {
			isa = XCConfigurationList;
			buildConfigurations = (
				7BA5564218ED087600E45020 /* Debug */,
				7BA5564318ED087600E45020 /* Release */,
			);
			defaultConfigurationIsVisible = 0;
		};
		7BA5564418ED087600E45020 /* Build configuration list for PBXLegacyTarget "Build" */ = {
			isa = XCConfigurationList;
			buildConfigurations = (
				7BA5564518ED087600E45020 /* Debug */,
				7BA5564618ED087600E45020 /* Release */,
			);
			defaultConfigurationIsVisible = 0;
		};
		7BA5564718ED087600E45020 /* Build configuration list for PBXLegacyTarget "Serial" */ = {
			isa = XCConfigurationList;
			buildConfigurations = (
				7BA5564818ED087600E45020 /* Debug */,
				7BA5564918ED087600E45020 /* Release */,
			);
			defaultConfigurationIsVisible = 0;
		};
		7BA5564A18ED087600E45020 /* Build configuration list for PBXLegacyTarget "Upload" */ = {
			isa = XCConfigurationList;
			buildConfigurations = (
				7BA5564B18ED087600E45020 /* Debug */,
				7BA5564C18ED087600E45020 /* Release */,
			);
			defaultConfigurationIsVisible = 0;
		};
		7BA5564D18ED087600E45020 /* Build configuration list for PBXNativeTarget "Index" */ = {
			isa = XCConfigurationList;
			buildConfigurations = (
				7BA5564E18ED087600E45020 /* Debug */,
				7BA5564F18ED087600E45020 /* Release */,
			);
			defaultConfigurationIsVisible = 0;
		};
/* End XCConfigurationList section */
	};
	rootObject = 7BA555EC18ED087600E45020 /* Project object */;
}
